
Microsoft Visual Studio Solution File, Format Version 12.00
# Visual Studio Version 17
VisualStudioVersion = 17.7.34221.43
MinimumVisualStudioVersion = 10.0.40219.1
Project("{FAE04EC0-301F-11D3-BF4B-00C04F79EFBC}") = "Bored", "Bored.csproj", "{7EC56362-11AB-4887-B21D-DD0D062BAF10}"
EndProject
Global
	GlobalSection(SolutionConfigurationPlatforms) = preSolution
		Debug|Any CPU = Debug|Any CPU
		Release|Any CPU = Release|Any CPU
	EndGlobalSection
	GlobalSection(ProjectConfigurationPlatforms) = postSolution
		{7EC56362-11AB-4887-B21D-DD0D062BAF10}.Debug|Any CPU.ActiveCfg = Debug|Any CPU
		{7EC56362-11AB-4887-B21D-DD0D062BAF10}.Debug|Any CPU.Build.0 = Debug|Any CPU
		{7EC56362-11AB-4887-B21D-DD0D062BAF10}.Release|Any CPU.ActiveCfg = Release|Any CPU
		{7EC56362-11AB-4887-B21D-DD0D062BAF10}.Release|Any CPU.Build.0 = Release|Any CPU
	EndGlobalSection
	GlobalSection(SolutionProperties) = preSolution
		HideSolutionNode = FALSE
	EndGlobalSection
	GlobalSection(ExtensibilityGlobals) = postSolution
		SolutionGuid = {3FAF3C2A-3E51-4EC6-910C-FA504FB56945}
	EndGlobalSection
EndGlobal
